
Microsoft Visual Studio Solution File, Format Version 12.00
# Visual Studio Version 17
VisualStudioVersion = 17.6.33723.286
MinimumVisualStudioVersion = 10.0.40219.1
Project("{FAE04EC0-301F-11D3-BF4B-00C04F79EFBC}") = "HotelApp", "HotelApp\HotelApp.csproj", "{A653CDB2-3536-4024-AB88-EA9007CA08BE}"
EndProject
Global
	GlobalSection(SolutionConfigurationPlatforms) = preSolution
		Debug|Any CPU = Debug|Any CPU
		Release|Any CPU = Release|Any CPU
	EndGlobalSection
	GlobalSection(ProjectConfigurationPlatforms) = postSolution
		{A653CDB2-3536-4024-AB88-EA9007CA08BE}.Debug|Any CPU.ActiveCfg = Debug|Any CPU
		{A653CDB2-3536-4024-AB88-EA9007CA08BE}.Debug|Any CPU.Build.0 = Debug|Any CPU
		{A653CDB2-3536-4024-AB88-EA9007CA08BE}.Release|Any CPU.ActiveCfg = Release|Any CPU
		{A653CDB2-3536-4024-AB88-EA9007CA08BE}.Release|Any CPU.Build.0 = Release|Any CPU
	EndGlobalSection
	GlobalSection(SolutionProperties) = preSolution
		HideSolutionNode = FALSE
	EndGlobalSection
	GlobalSection(ExtensibilityGlobals) = postSolution
		SolutionGuid = {C910C770-E89A-4488-A263-AD4F330F64A4}
	EndGlobalSection
EndGlobal
